// !$*UTF8*$!
{
	archiveVersion = 1;
	classes = {
	};
	objectVersion = 42;
	objects = {

/* Begin PBXBuildFile section */
		870A350B104C85860040F121 /* interface.cpp in Sources */ = {isa = PBXBuildFile; fileRef = 870A3509104C85860040F121 /* interface.cpp */; };
		870A352A104C85C60040F121 /* ErrorImage.cpp in Sources */ = {isa = PBXBuildFile; fileRef = 870A3528104C85C60040F121 /* ErrorImage.cpp */; };
		870A3534104C85D80040F121 /* Button.cpp in Sources */ = {isa = PBXBuildFile; fileRef = 870A352B104C85D80040F121 /* Button.cpp */; };
		870A3535104C85D80040F121 /* Element.cpp in Sources */ = {isa = PBXBuildFile; fileRef = 870A352D104C85D80040F121 /* Element.cpp */; };
		870A3536104C85D80040F121 /* TextBox.cpp in Sources */ = {isa = PBXBuildFile; fileRef = 870A352F104C85D80040F121 /* TextBox.cpp */; };
		870A3537104C85D80040F121 /* TODO in Resources */ = {isa = PBXBuildFile; fileRef = 870A3531104C85D80040F121 /* TODO */; };
		870A3538104C85D80040F121 /* Window.cpp in Sources */ = {isa = PBXBuildFile; fileRef = 870A3532104C85D80040F121 /* Window.cpp */; };
		870A353D104C85E50040F121 /* Settings.cpp in Sources */ = {isa = PBXBuildFile; fileRef = 870A353B104C85E50040F121 /* Settings.cpp */; };
		870A353F104C86050040F121 /* Settings.ini in Resources */ = {isa = PBXBuildFile; fileRef = 870A353E104C86050040F121 /* Settings.ini */; };
		879A6D51104A27B8004F8DB7 /* animation.cpp in Sources */ = {isa = PBXBuildFile; fileRef = 879A6D1A104A27B8004F8DB7 /* animation.cpp */; };
		879A6D52104A27B8004F8DB7 /* apartment.cpp in Sources */ = {isa = PBXBuildFile; fileRef = 879A6D1C104A27B8004F8DB7 /* apartment.cpp */; };
		879A6D53104A27B8004F8DB7 /* background.cpp in Sources */ = {isa = PBXBuildFile; fileRef = 879A6D1E104A27B8004F8DB7 /* background.cpp */; };
		879A6D54104A27B8004F8DB7 /* camera.cpp in Sources */ = {isa = PBXBuildFile; fileRef = 879A6D20104A27B8004F8DB7 /* camera.cpp */; };
		879A6D55104A27B8004F8DB7 /* citizens.cpp in Sources */ = {isa = PBXBuildFile; fileRef = 879A6D22104A27B8004F8DB7 /* citizens.cpp */; };
		879A6D56104A27B8004F8DB7 /* citizensAgent.cpp in Sources */ = {isa = PBXBuildFile; fileRef = 879A6D24104A27B8004F8DB7 /* citizensAgent.cpp */; };
		879A6D57104A27B8004F8DB7 /* elevator.cpp in Sources */ = {isa = PBXBuildFile; fileRef = 879A6D26104A27B8004F8DB7 /* elevator.cpp */; };
		879A6D58104A27B8004F8DB7 /* elevatorBase.cpp in Sources */ = {isa = PBXBuildFile; fileRef = 879A6D28104A27B8004F8DB7 /* elevatorBase.cpp */; };
		879A6D59104A27B8004F8DB7 /* elevatorMachine.cpp in Sources */ = {isa = PBXBuildFile; fileRef = 879A6D2A104A27B8004F8DB7 /* elevatorMachine.cpp */; };
		879A6D5A104A27B8004F8DB7 /* elevatorPit.cpp in Sources */ = {isa = PBXBuildFile; fileRef = 879A6D2C104A27B8004F8DB7 /* elevatorPit.cpp */; };
		879A6D5B104A27B8004F8DB7 /* elevatorShaft.cpp in Sources */ = {isa = PBXBuildFile; fileRef = 879A6D2E104A27B8004F8DB7 /* elevatorShaft.cpp */; };
		879A6D5C104A27B8004F8DB7 /* floorAgent.cpp in Sources */ = {isa = PBXBuildFile; fileRef = 879A6D30104A27B8004F8DB7 /* floorAgent.cpp */; };
		879A6D5D104A27B8004F8DB7 /* floorbase.cpp in Sources */ = {isa = PBXBuildFile; fileRef = 879A6D32104A27B8004F8DB7 /* floorbase.cpp */; };
		879A6D5E104A27B8004F8DB7 /* highrisedev.cpp in Sources */ = {isa = PBXBuildFile; fileRef = 879A6D34104A27B8004F8DB7 /* highrisedev.cpp */; };
		879A6D5F104A27B8004F8DB7 /* highRiseException.cpp in Sources */ = {isa = PBXBuildFile; fileRef = 879A6D36104A27B8004F8DB7 /* highRiseException.cpp */; };
		879A6D60104A27B8004F8DB7 /* image.cpp in Sources */ = {isa = PBXBuildFile; fileRef = 879A6D38104A27B8004F8DB7 /* image.cpp */; };
		879A6D61104A27B8004F8DB7 /* level.cpp in Sources */ = {isa = PBXBuildFile; fileRef = 879A6D3A104A27B8004F8DB7 /* level.cpp */; };
		879A6D62104A27B8004F8DB7 /* lobby.cpp in Sources */ = {isa = PBXBuildFile; fileRef = 879A6D3C104A27B8004F8DB7 /* lobby.cpp */; };
		879A6D63104A27B8004F8DB7 /* office.cpp in Sources */ = {isa = PBXBuildFile; fileRef = 879A6D3E104A27B8004F8DB7 /* office.cpp */; };
		879A6D64104A27B8004F8DB7 /* pathAgent.cpp in Sources */ = {isa = PBXBuildFile; fileRef = 879A6D40104A27B8004F8DB7 /* pathAgent.cpp */; };
		879A6D65104A27B8004F8DB7 /* person.cpp in Sources */ = {isa = PBXBuildFile; fileRef = 879A6D42104A27B8004F8DB7 /* person.cpp */; };
		879A6D66104A27B8004F8DB7 /* physics.cpp in Sources */ = {isa = PBXBuildFile; fileRef = 879A6D44104A27B8004F8DB7 /* physics.cpp */; };
		879A6D67104A27B8004F8DB7 /* routes.cpp in Sources */ = {isa = PBXBuildFile; fileRef = 879A6D47104A27B8004F8DB7 /* routes.cpp */; };
		879A6D68104A27B8004F8DB7 /* routeVisitor.cpp in Sources */ = {isa = PBXBuildFile; fileRef = 879A6D49104A27B8004F8DB7 /* routeVisitor.cpp */; };
		879A6D69104A27B8004F8DB7 /* stdafx.cpp in Sources */ = {isa = PBXBuildFile; fileRef = 879A6D4B104A27B8004F8DB7 /* stdafx.cpp */; };
		879A6D6A104A27B8004F8DB7 /* tiler.cpp in Sources */ = {isa = PBXBuildFile; fileRef = 879A6D4D104A27B8004F8DB7 /* tiler.cpp */; };
		879A6D6B104A27B8004F8DB7 /* tower.cpp in Sources */ = {isa = PBXBuildFile; fileRef = 879A6D4F104A27B8004F8DB7 /* tower.cpp */; };
		879A6D85104A28A3004F8DB7 /* sfml-graphics.framework in Frameworks */ = {isa = PBXBuildFile; fileRef = 879A6D84104A28A3004F8DB7 /* sfml-graphics.framework */; };
		879A6DB7104A297E004F8DB7 /* data in Resources */ = {isa = PBXBuildFile; fileRef = 879A6D93104A297E004F8DB7 /* data */; };
		879A6DBC104A2B32004F8DB7 /* SFML.framework in Copy Frameworks */ = {isa = PBXBuildFile; fileRef = A01FB78A0F07D338000AAC7B /* SFML.framework */; };
		879A6E41104A2CFA004F8DB7 /* sfml-graphics.framework in Copy Frameworks */ = {isa = PBXBuildFile; fileRef = 879A6D84104A28A3004F8DB7 /* sfml-graphics.framework */; };
		A0072B1B0F1D0FCD00B4A594 /* sfml-system.framework in Copy Frameworks */ = {isa = PBXBuildFile; fileRef = A01FB7880F07D338000AAC7B /* sfml-system.framework */; };
		A0072B1C0F1D0FCD00B4A594 /* sfml-window.framework in Copy Frameworks */ = {isa = PBXBuildFile; fileRef = A01FB7890F07D338000AAC7B /* sfml-window.framework */; };
		A01FB78B0F07D338000AAC7B /* sfml-system.framework in Frameworks */ = {isa = PBXBuildFile; fileRef = A01FB7880F07D338000AAC7B /* sfml-system.framework */; };
		A01FB78C0F07D338000AAC7B /* sfml-window.framework in Frameworks */ = {isa = PBXBuildFile; fileRef = A01FB7890F07D338000AAC7B /* sfml-window.framework */; };
		A01FB7F70F07D381000AAC7B /* OpenGL.framework in Frameworks */ = {isa = PBXBuildFile; fileRef = A01FB7F60F07D381000AAC7B /* OpenGL.framework */; };
/* End PBXBuildFile section */

/* Begin PBXCopyFilesBuildPhase section */
		A0072B2B0F1D0FD800B4A594 /* Copy Frameworks */ = {
			isa = PBXCopyFilesBuildPhase;
			buildActionMask = 2147483647;
			dstPath = "";
			dstSubfolderSpec = 10;
			files = (
				879A6E41104A2CFA004F8DB7 /* sfml-graphics.framework in Copy Frameworks */,
				879A6DBC104A2B32004F8DB7 /* SFML.framework in Copy Frameworks */,
				A0072B1B0F1D0FCD00B4A594 /* sfml-system.framework in Copy Frameworks */,
				A0072B1C0F1D0FCD00B4A594 /* sfml-window.framework in Copy Frameworks */,
			);
			name = "Copy Frameworks";
			runOnlyForDeploymentPostprocessing = 0;
		};
/* End PBXCopyFilesBuildPhase section */

/* Begin PBXFileReference section */
		870A3509104C85860040F121 /* interface.cpp */ = {isa = PBXFileReference; fileEncoding = 4; lastKnownFileType = sourcecode.cpp.cpp; path = interface.cpp; sourceTree = "<group>"; };
		870A350A104C85860040F121 /* interface.h */ = {isa = PBXFileReference; fileEncoding = 4; lastKnownFileType = sourcecode.c.h; path = interface.h; sourceTree = "<group>"; };
		870A3528104C85C60040F121 /* ErrorImage.cpp */ = {isa = PBXFileReference; fileEncoding = 4; lastKnownFileType = sourcecode.cpp.cpp; name = ErrorImage.cpp; path = Graphics/ErrorImage.cpp; sourceTree = "<group>"; };
		870A3529104C85C60040F121 /* ErrorImage.h */ = {isa = PBXFileReference; fileEncoding = 4; lastKnownFileType = sourcecode.c.h; name = ErrorImage.h; path = Graphics/ErrorImage.h; sourceTree = "<group>"; };
		870A352B104C85D80040F121 /* Button.cpp */ = {isa = PBXFileReference; fileEncoding = 4; lastKnownFileType = sourcecode.cpp.cpp; name = Button.cpp; path = Window/Button.cpp; sourceTree = "<group>"; };
		870A352C104C85D80040F121 /* Button.h */ = {isa = PBXFileReference; fileEncoding = 4; lastKnownFileType = sourcecode.c.h; name = Button.h; path = Window/Button.h; sourceTree = "<group>"; };
		870A352D104C85D80040F121 /* Element.cpp */ = {isa = PBXFileReference; fileEncoding = 4; lastKnownFileType = sourcecode.cpp.cpp; name = Element.cpp; path = Window/Element.cpp; sourceTree = "<group>"; };
		870A352E104C85D80040F121 /* Element.h */ = {isa = PBXFileReference; fileEncoding = 4; lastKnownFileType = sourcecode.c.h; name = Element.h; path = Window/Element.h; sourceTree = "<group>"; };
		870A352F104C85D80040F121 /* TextBox.cpp */ = {isa = PBXFileReference; fileEncoding = 4; lastKnownFileType = sourcecode.cpp.cpp; name = TextBox.cpp; path = Window/TextBox.cpp; sourceTree = "<group>"; };
		870A3530104C85D80040F121 /* TextBox.h */ = {isa = PBXFileReference; fileEncoding = 4; lastKnownFileType = sourcecode.c.h; name = TextBox.h; path = Window/TextBox.h; sourceTree = "<group>"; };
		870A3531104C85D80040F121 /* TODO */ = {isa = PBXFileReference; fileEncoding = 4; lastKnownFileType = text; name = TODO; path = Window/TODO; sourceTree = "<group>"; };
		870A3532104C85D80040F121 /* Window.cpp */ = {isa = PBXFileReference; fileEncoding = 4; lastKnownFileType = sourcecode.cpp.cpp; name = Window.cpp; path = Window/Window.cpp; sourceTree = "<group>"; };
		870A3533104C85D80040F121 /* Window.h */ = {isa = PBXFileReference; fileEncoding = 4; lastKnownFileType = sourcecode.c.h; name = Window.h; path = Window/Window.h; sourceTree = "<group>"; };
		870A353B104C85E50040F121 /* Settings.cpp */ = {isa = PBXFileReference; fileEncoding = 4; lastKnownFileType = sourcecode.cpp.cpp; name = Settings.cpp; path = Settings/Settings.cpp; sourceTree = "<group>"; };
		870A353C104C85E50040F121 /* Settings.h */ = {isa = PBXFileReference; fileEncoding = 4; lastKnownFileType = sourcecode.c.h; name = Settings.h; path = Settings/Settings.h; sourceTree = "<group>"; };
		870A353E104C86050040F121 /* Settings.ini */ = {isa = PBXFileReference; fileEncoding = 4; lastKnownFileType = text; path = Settings.ini; sourceTree = "<group>"; };
		879A6D1A104A27B8004F8DB7 /* animation.cpp */ = {isa = PBXFileReference; fileEncoding = 4; lastKnownFileType = sourcecode.cpp.cpp; path = animation.cpp; sourceTree = "<group>"; };
		879A6D1B104A27B8004F8DB7 /* animation.h */ = {isa = PBXFileReference; fileEncoding = 4; lastKnownFileType = sourcecode.c.h; path = animation.h; sourceTree = "<group>"; };
		879A6D1C104A27B8004F8DB7 /* apartment.cpp */ = {isa = PBXFileReference; fileEncoding = 4; lastKnownFileType = sourcecode.cpp.cpp; path = apartment.cpp; sourceTree = "<group>"; };
		879A6D1D104A27B8004F8DB7 /* apartment.h */ = {isa = PBXFileReference; fileEncoding = 4; lastKnownFileType = sourcecode.c.h; path = apartment.h; sourceTree = "<group>"; };
		879A6D1E104A27B8004F8DB7 /* background.cpp */ = {isa = PBXFileReference; fileEncoding = 4; lastKnownFileType = sourcecode.cpp.cpp; path = background.cpp; sourceTree = "<group>"; };
		879A6D1F104A27B8004F8DB7 /* background.h */ = {isa = PBXFileReference; fileEncoding = 4; lastKnownFileType = sourcecode.c.h; path = background.h; sourceTree = "<group>"; };
		879A6D20104A27B8004F8DB7 /* camera.cpp */ = {isa = PBXFileReference; fileEncoding = 4; lastKnownFileType = sourcecode.cpp.cpp; path = camera.cpp; sourceTree = "<group>"; };
		879A6D21104A27B8004F8DB7 /* camera.h */ = {isa = PBXFileReference; fileEncoding = 4; lastKnownFileType = sourcecode.c.h; path = camera.h; sourceTree = "<group>"; };
		879A6D22104A27B8004F8DB7 /* citizens.cpp */ = {isa = PBXFileReference; fileEncoding = 4; lastKnownFileType = sourcecode.cpp.cpp; path = citizens.cpp; sourceTree = "<group>"; };
		879A6D23104A27B8004F8DB7 /* citizens.h */ = {isa = PBXFileReference; fileEncoding = 4; lastKnownFileType = sourcecode.c.h; path = citizens.h; sourceTree = "<group>"; };
		879A6D24104A27B8004F8DB7 /* citizensAgent.cpp */ = {isa = PBXFileReference; fileEncoding = 4; lastKnownFileType = sourcecode.cpp.cpp; path = citizensAgent.cpp; sourceTree = "<group>"; };
		879A6D25104A27B8004F8DB7 /* citizensAgent.h */ = {isa = PBXFileReference; fileEncoding = 4; lastKnownFileType = sourcecode.c.h; path = citizensAgent.h; sourceTree = "<group>"; };
		879A6D26104A27B8004F8DB7 /* elevator.cpp */ = {isa = PBXFileReference; fileEncoding = 4; lastKnownFileType = sourcecode.cpp.cpp; path = elevator.cpp; sourceTree = "<group>"; };
		879A6D27104A27B8004F8DB7 /* elevator.h */ = {isa = PBXFileReference; fileEncoding = 4; lastKnownFileType = sourcecode.c.h; path = elevator.h; sourceTree = "<group>"; };
		879A6D28104A27B8004F8DB7 /* elevatorBase.cpp */ = {isa = PBXFileReference; fileEncoding = 4; lastKnownFileType = sourcecode.cpp.cpp; path = elevatorBase.cpp; sourceTree = "<group>"; };
		879A6D29104A27B8004F8DB7 /* elevatorBase.h */ = {isa = PBXFileReference; fileEncoding = 4; lastKnownFileType = sourcecode.c.h; path = elevatorBase.h; sourceTree = "<group>"; };
		879A6D2A104A27B8004F8DB7 /* elevatorMachine.cpp */ = {isa = PBXFileReference; fileEncoding = 4; lastKnownFileType = sourcecode.cpp.cpp; path = elevatorMachine.cpp; sourceTree = "<group>"; };
		879A6D2B104A27B8004F8DB7 /* elevatorMachine.h */ = {isa = PBXFileReference; fileEncoding = 4; lastKnownFileType = sourcecode.c.h; path = elevatorMachine.h; sourceTree = "<group>"; };
		879A6D2C104A27B8004F8DB7 /* elevatorPit.cpp */ = {isa = PBXFileReference; fileEncoding = 4; lastKnownFileType = sourcecode.cpp.cpp; path = elevatorPit.cpp; sourceTree = "<group>"; };
		879A6D2D104A27B8004F8DB7 /* elevatorPit.h */ = {isa = PBXFileReference; fileEncoding = 4; lastKnownFileType = sourcecode.c.h; path = elevatorPit.h; sourceTree = "<group>"; };
		879A6D2E104A27B8004F8DB7 /* elevatorShaft.cpp */ = {isa = PBXFileReference; fileEncoding = 4; lastKnownFileType = sourcecode.cpp.cpp; path = elevatorShaft.cpp; sourceTree = "<group>"; };
		879A6D2F104A27B8004F8DB7 /* elevatorShaft.h */ = {isa = PBXFileReference; fileEncoding = 4; lastKnownFileType = sourcecode.c.h; path = elevatorShaft.h; sourceTree = "<group>"; };
		879A6D30104A27B8004F8DB7 /* floorAgent.cpp */ = {isa = PBXFileReference; fileEncoding = 4; lastKnownFileType = sourcecode.cpp.cpp; path = floorAgent.cpp; sourceTree = "<group>"; };
		879A6D31104A27B8004F8DB7 /* floorAgent.h */ = {isa = PBXFileReference; fileEncoding = 4; lastKnownFileType = sourcecode.c.h; path = floorAgent.h; sourceTree = "<group>"; };
		879A6D32104A27B8004F8DB7 /* floorbase.cpp */ = {isa = PBXFileReference; fileEncoding = 4; lastKnownFileType = sourcecode.cpp.cpp; path = floorbase.cpp; sourceTree = "<group>"; };
		879A6D33104A27B8004F8DB7 /* floorBase.h */ = {isa = PBXFileReference; fileEncoding = 4; lastKnownFileType = sourcecode.c.h; path = floorBase.h; sourceTree = "<group>"; };
		879A6D34104A27B8004F8DB7 /* highrisedev.cpp */ = {isa = PBXFileReference; fileEncoding = 4; lastKnownFileType = sourcecode.cpp.cpp; path = highrisedev.cpp; sourceTree = "<group>"; };
		879A6D35104A27B8004F8DB7 /* highrisedev.h */ = {isa = PBXFileReference; fileEncoding = 4; lastKnownFileType = sourcecode.c.h; path = highrisedev.h; sourceTree = "<group>"; };
		879A6D36104A27B8004F8DB7 /* highRiseException.cpp */ = {isa = PBXFileReference; fileEncoding = 4; lastKnownFileType = sourcecode.cpp.cpp; path = highRiseException.cpp; sourceTree = "<group>"; };
		879A6D37104A27B8004F8DB7 /* highriseException.h */ = {isa = PBXFileReference; fileEncoding = 4; lastKnownFileType = sourcecode.c.h; path = highriseException.h; sourceTree = "<group>"; };
		879A6D38104A27B8004F8DB7 /* image.cpp */ = {isa = PBXFileReference; fileEncoding = 4; lastKnownFileType = sourcecode.cpp.cpp; path = image.cpp; sourceTree = "<group>"; };
		879A6D39104A27B8004F8DB7 /* image.h */ = {isa = PBXFileReference; fileEncoding = 4; lastKnownFileType = sourcecode.c.h; path = image.h; sourceTree = "<group>"; };
		879A6D3A104A27B8004F8DB7 /* level.cpp */ = {isa = PBXFileReference; fileEncoding = 4; lastKnownFileType = sourcecode.cpp.cpp; path = level.cpp; sourceTree = "<group>"; };
		879A6D3B104A27B8004F8DB7 /* level.h */ = {isa = PBXFileReference; fileEncoding = 4; lastKnownFileType = sourcecode.c.h; path = level.h; sourceTree = "<group>"; };
		879A6D3C104A27B8004F8DB7 /* lobby.cpp */ = {isa = PBXFileReference; fileEncoding = 4; lastKnownFileType = sourcecode.cpp.cpp; path = lobby.cpp; sourceTree = "<group>"; };
		879A6D3D104A27B8004F8DB7 /* lobby.h */ = {isa = PBXFileReference; fileEncoding = 4; lastKnownFileType = sourcecode.c.h; path = lobby.h; sourceTree = "<group>"; };
		879A6D3E104A27B8004F8DB7 /* office.cpp */ = {isa = PBXFileReference; fileEncoding = 4; lastKnownFileType = sourcecode.cpp.cpp; path = office.cpp; sourceTree = "<group>"; };
		879A6D3F104A27B8004F8DB7 /* office.h */ = {isa = PBXFileReference; fileEncoding = 4; lastKnownFileType = sourcecode.c.h; path = office.h; sourceTree = "<group>"; };
		879A6D40104A27B8004F8DB7 /* pathAgent.cpp */ = {isa = PBXFileReference; fileEncoding = 4; lastKnownFileType = sourcecode.cpp.cpp; path = pathAgent.cpp; sourceTree = "<group>"; };
		879A6D41104A27B8004F8DB7 /* pathAgent.h */ = {isa = PBXFileReference; fileEncoding = 4; lastKnownFileType = sourcecode.c.h; path = pathAgent.h; sourceTree = "<group>"; };
		879A6D42104A27B8004F8DB7 /* person.cpp */ = {isa = PBXFileReference; fileEncoding = 4; lastKnownFileType = sourcecode.cpp.cpp; path = person.cpp; sourceTree = "<group>"; };
		879A6D43104A27B8004F8DB7 /* person.h */ = {isa = PBXFileReference; fileEncoding = 4; lastKnownFileType = sourcecode.c.h; path = person.h; sourceTree = "<group>"; };
		879A6D44104A27B8004F8DB7 /* physics.cpp */ = {isa = PBXFileReference; fileEncoding = 4; lastKnownFileType = sourcecode.cpp.cpp; path = physics.cpp; sourceTree = "<group>"; };
		879A6D45104A27B8004F8DB7 /* physics.h */ = {isa = PBXFileReference; fileEncoding = 4; lastKnownFileType = sourcecode.c.h; path = physics.h; sourceTree = "<group>"; };
		879A6D46104A27B8004F8DB7 /* routeBase.h */ = {isa = PBXFileReference; fileEncoding = 4; lastKnownFileType = sourcecode.c.h; path = routeBase.h; sourceTree = "<group>"; };
		879A6D47104A27B8004F8DB7 /* routes.cpp */ = {isa = PBXFileReference; fileEncoding = 4; lastKnownFileType = sourcecode.cpp.cpp; path = routes.cpp; sourceTree = "<group>"; };
		879A6D48104A27B8004F8DB7 /* routes.h */ = {isa = PBXFileReference; fileEncoding = 4; lastKnownFileType = sourcecode.c.h; path = routes.h; sourceTree = "<group>"; };
		879A6D49104A27B8004F8DB7 /* routeVisitor.cpp */ = {isa = PBXFileReference; fileEncoding = 4; lastKnownFileType = sourcecode.cpp.cpp; path = routeVisitor.cpp; sourceTree = "<group>"; };
		879A6D4A104A27B8004F8DB7 /* routeVisitor.h */ = {isa = PBXFileReference; fileEncoding = 4; lastKnownFileType = sourcecode.c.h; path = routeVisitor.h; sourceTree = "<group>"; };
		879A6D4B104A27B8004F8DB7 /* stdafx.cpp */ = {isa = PBXFileReference; fileEncoding = 4; lastKnownFileType = sourcecode.cpp.cpp; path = stdafx.cpp; sourceTree = "<group>"; };
		879A6D4C104A27B8004F8DB7 /* stdafx.h */ = {isa = PBXFileReference; fileEncoding = 4; lastKnownFileType = sourcecode.c.h; path = stdafx.h; sourceTree = "<group>"; };
		879A6D4D104A27B8004F8DB7 /* tiler.cpp */ = {isa = PBXFileReference; fileEncoding = 4; lastKnownFileType = sourcecode.cpp.cpp; path = tiler.cpp; sourceTree = "<group>"; };
		879A6D4E104A27B8004F8DB7 /* tiler.h */ = {isa = PBXFileReference; fileEncoding = 4; lastKnownFileType = sourcecode.c.h; path = tiler.h; sourceTree = "<group>"; };
		879A6D4F104A27B8004F8DB7 /* tower.cpp */ = {isa = PBXFileReference; fileEncoding = 4; lastKnownFileType = sourcecode.cpp.cpp; path = tower.cpp; sourceTree = "<group>"; };
		879A6D50104A27B8004F8DB7 /* tower.h */ = {isa = PBXFileReference; fileEncoding = 4; lastKnownFileType = sourcecode.c.h; path = tower.h; sourceTree = "<group>"; };
		879A6D84104A28A3004F8DB7 /* sfml-graphics.framework */ = {isa = PBXFileReference; lastKnownFileType = wrapper.framework; name = "sfml-graphics.framework"; path = "/Library/Frameworks/sfml-graphics.framework"; sourceTree = "<absolute>"; };
		879A6D93104A297E004F8DB7 /* data */ = {isa = PBXFileReference; lastKnownFileType = folder; path = data; sourceTree = "<group>"; };
		A01FB77A0F07D2C5000AAC7B /* highrise.app */ = {isa = PBXFileReference; explicitFileType = wrapper.application; includeInIndex = 0; path = highrise.app; sourceTree = BUILT_PRODUCTS_DIR; };
		A01FB77D0F07D2C5000AAC7B /* Info.plist */ = {isa = PBXFileReference; lastKnownFileType = text.plist.xml; path = Info.plist; sourceTree = "<group>"; };
		A01FB7880F07D338000AAC7B /* sfml-system.framework */ = {isa = PBXFileReference; lastKnownFileType = wrapper.framework; name = "sfml-system.framework"; path = "/Library/Frameworks/sfml-system.framework"; sourceTree = "<absolute>"; };
		A01FB7890F07D338000AAC7B /* sfml-window.framework */ = {isa = PBXFileReference; lastKnownFileType = wrapper.framework; name = "sfml-window.framework"; path = "/Library/Frameworks/sfml-window.framework"; sourceTree = "<absolute>"; };
		A01FB78A0F07D338000AAC7B /* SFML.framework */ = {isa = PBXFileReference; lastKnownFileType = wrapper.framework; name = SFML.framework; path = /Library/Frameworks/SFML.framework; sourceTree = "<absolute>"; };
		A01FB7F60F07D381000AAC7B /* OpenGL.framework */ = {isa = PBXFileReference; lastKnownFileType = wrapper.framework; name = OpenGL.framework; path = /System/Library/Frameworks/OpenGL.framework; sourceTree = "<absolute>"; };
/* End PBXFileReference section */

/* Begin PBXFrameworksBuildPhase section */
		A01FB7780F07D2C5000AAC7B /* Frameworks */ = {
			isa = PBXFrameworksBuildPhase;
			buildActionMask = 2147483647;
			files = (
				A01FB78B0F07D338000AAC7B /* sfml-system.framework in Frameworks */,
				A01FB78C0F07D338000AAC7B /* sfml-window.framework in Frameworks */,
				A01FB7F70F07D381000AAC7B /* OpenGL.framework in Frameworks */,
				879A6D85104A28A3004F8DB7 /* sfml-graphics.framework in Frameworks */,
			);
			runOnlyForDeploymentPostprocessing = 0;
		};
/* End PBXFrameworksBuildPhase section */

/* Begin PBXGroup section */
		A01FB76B0F07D2BC000AAC7B = {
			isa = PBXGroup;
			children = (
				A01FB7830F07D30C000AAC7B /* Sources */,
				A01FB7820F07D309000AAC7B /* Resources */,
				A01FB7810F07D304000AAC7B /* Frameworks */,
				A01FB77B0F07D2C5000AAC7B /* Products */,
			);
			sourceTree = "<group>";
		};
		A01FB77B0F07D2C5000AAC7B /* Products */ = {
			isa = PBXGroup;
			children = (
				A01FB77A0F07D2C5000AAC7B /* highrise.app */,
			);
			name = Products;
			sourceTree = "<group>";
		};
		A01FB7810F07D304000AAC7B /* Frameworks */ = {
			isa = PBXGroup;
			children = (
				879A6D84104A28A3004F8DB7 /* sfml-graphics.framework */,
				A01FB78A0F07D338000AAC7B /* SFML.framework */,
				A01FB7880F07D338000AAC7B /* sfml-system.framework */,
				A01FB7890F07D338000AAC7B /* sfml-window.framework */,
				A01FB7F60F07D381000AAC7B /* OpenGL.framework */,
			);
			name = Frameworks;
			sourceTree = "<group>";
		};
		A01FB7820F07D309000AAC7B /* Resources */ = {
			isa = PBXGroup;
			children = (
				870A353E104C86050040F121 /* Settings.ini */,
				879A6D93104A297E004F8DB7 /* data */,
				A01FB77D0F07D2C5000AAC7B /* Info.plist */,
			);
			name = Resources;
			sourceTree = "<group>";
		};
		A01FB7830F07D30C000AAC7B /* Sources */ = {
			isa = PBXGroup;
			children = (
				879A6D1A104A27B8004F8DB7 /* animation.cpp */,
				879A6D1B104A27B8004F8DB7 /* animation.h */,
				879A6D1C104A27B8004F8DB7 /* apartment.cpp */,
				879A6D1D104A27B8004F8DB7 /* apartment.h */,
				879A6D1E104A27B8004F8DB7 /* background.cpp */,
				879A6D1F104A27B8004F8DB7 /* background.h */,
				879A6D20104A27B8004F8DB7 /* camera.cpp */,
				879A6D21104A27B8004F8DB7 /* camera.h */,
				870A353B104C85E50040F121 /* Settings.cpp */,
				870A353C104C85E50040F121 /* Settings.h */,
				879A6D22104A27B8004F8DB7 /* citizens.cpp */,
				879A6D23104A27B8004F8DB7 /* citizens.h */,
				879A6D24104A27B8004F8DB7 /* citizensAgent.cpp */,
				879A6D25104A27B8004F8DB7 /* citizensAgent.h */,
				870A3528104C85C60040F121 /* ErrorImage.cpp */,
				870A3529104C85C60040F121 /* ErrorImage.h */,
				879A6D26104A27B8004F8DB7 /* elevator.cpp */,
				879A6D27104A27B8004F8DB7 /* elevator.h */,
				879A6D28104A27B8004F8DB7 /* elevatorBase.cpp */,
				879A6D29104A27B8004F8DB7 /* elevatorBase.h */,
				870A352B104C85D80040F121 /* Button.cpp */,
				870A352C104C85D80040F121 /* Button.h */,
				870A352D104C85D80040F121 /* Element.cpp */,
				870A352E104C85D80040F121 /* Element.h */,
				870A352F104C85D80040F121 /* TextBox.cpp */,
				870A3530104C85D80040F121 /* TextBox.h */,
				870A3531104C85D80040F121 /* TODO */,
				870A3532104C85D80040F121 /* Window.cpp */,
				870A3533104C85D80040F121 /* Window.h */,
				879A6D2A104A27B8004F8DB7 /* elevatorMachine.cpp */,
				879A6D2B104A27B8004F8DB7 /* elevatorMachine.h */,
				879A6D2C104A27B8004F8DB7 /* elevatorPit.cpp */,
				879A6D2D104A27B8004F8DB7 /* elevatorPit.h */,
				879A6D2E104A27B8004F8DB7 /* elevatorShaft.cpp */,
				879A6D2F104A27B8004F8DB7 /* elevatorShaft.h */,
				879A6D30104A27B8004F8DB7 /* floorAgent.cpp */,
				879A6D31104A27B8004F8DB7 /* floorAgent.h */,
				879A6D32104A27B8004F8DB7 /* floorbase.cpp */,
				879A6D33104A27B8004F8DB7 /* floorBase.h */,
				879A6D34104A27B8004F8DB7 /* highrisedev.cpp */,
				879A6D35104A27B8004F8DB7 /* highrisedev.h */,
				879A6D36104A27B8004F8DB7 /* highRiseException.cpp */,
				879A6D37104A27B8004F8DB7 /* highriseException.h */,
				879A6D38104A27B8004F8DB7 /* image.cpp */,
				879A6D39104A27B8004F8DB7 /* image.h */,
				879A6D3A104A27B8004F8DB7 /* level.cpp */,
				870A3509104C85860040F121 /* interface.cpp */,
				870A350A104C85860040F121 /* interface.h */,
				879A6D3B104A27B8004F8DB7 /* level.h */,
				879A6D3C104A27B8004F8DB7 /* lobby.cpp */,
				879A6D3D104A27B8004F8DB7 /* lobby.h */,
				879A6D3E104A27B8004F8DB7 /* office.cpp */,
				879A6D3F104A27B8004F8DB7 /* office.h */,
				879A6D40104A27B8004F8DB7 /* pathAgent.cpp */,
				879A6D41104A27B8004F8DB7 /* pathAgent.h */,
				879A6D42104A27B8004F8DB7 /* person.cpp */,
				879A6D43104A27B8004F8DB7 /* person.h */,
				879A6D44104A27B8004F8DB7 /* physics.cpp */,
				879A6D45104A27B8004F8DB7 /* physics.h */,
				879A6D46104A27B8004F8DB7 /* routeBase.h */,
				879A6D47104A27B8004F8DB7 /* routes.cpp */,
				879A6D48104A27B8004F8DB7 /* routes.h */,
				879A6D49104A27B8004F8DB7 /* routeVisitor.cpp */,
				879A6D4A104A27B8004F8DB7 /* routeVisitor.h */,
				879A6D4B104A27B8004F8DB7 /* stdafx.cpp */,
				879A6D4C104A27B8004F8DB7 /* stdafx.h */,
				879A6D4D104A27B8004F8DB7 /* tiler.cpp */,
				879A6D4E104A27B8004F8DB7 /* tiler.h */,
				879A6D4F104A27B8004F8DB7 /* tower.cpp */,
				879A6D50104A27B8004F8DB7 /* tower.h */,
			);
			name = Sources;
			sourceTree = "<group>";
		};
/* End PBXGroup section */

/* Begin PBXNativeTarget section */
		A01FB7790F07D2C5000AAC7B /* highrise */ = {
			isa = PBXNativeTarget;
			buildConfigurationList = A01FB7800F07D2C6000AAC7B /* Build configuration list for PBXNativeTarget "highrise" */;
			buildPhases = (
				A01FB7760F07D2C5000AAC7B /* Resources */,
				A01FB7770F07D2C5000AAC7B /* Sources */,
				A01FB7780F07D2C5000AAC7B /* Frameworks */,
				A0072B2B0F1D0FD800B4A594 /* Copy Frameworks */,
			);
			buildRules = (
			);
			dependencies = (
			);
			name = highrise;
			productName = highrise;
			productReference = A01FB77A0F07D2C5000AAC7B /* highrise.app */;
			productType = "com.apple.product-type.application";
		};
/* End PBXNativeTarget section */

/* Begin PBXProject section */
		A01FB76D0F07D2BC000AAC7B /* Project object */ = {
			isa = PBXProject;
			buildConfigurationList = A01FB7700F07D2BC000AAC7B /* Build configuration list for PBXProject "highrise" */;
			compatibilityVersion = "Xcode 2.4";
			hasScannedForEncodings = 0;
			mainGroup = A01FB76B0F07D2BC000AAC7B;
			productRefGroup = A01FB77B0F07D2C5000AAC7B /* Products */;
			projectDirPath = "";
			projectRoot = "";
			targets = (
				A01FB7790F07D2C5000AAC7B /* highrise */,
			);
		};
/* End PBXProject section */

/* Begin PBXResourcesBuildPhase section */
		A01FB7760F07D2C5000AAC7B /* Resources */ = {
			isa = PBXResourcesBuildPhase;
			buildActionMask = 2147483647;
			files = (
				879A6DB7104A297E004F8DB7 /* data in Resources */,
				870A3537104C85D80040F121 /* TODO in Resources */,
				870A353F104C86050040F121 /* Settings.ini in Resources */,
			);
			runOnlyForDeploymentPostprocessing = 0;
		};
/* End PBXResourcesBuildPhase section */

/* Begin PBXSourcesBuildPhase section */
		A01FB7770F07D2C5000AAC7B /* Sources */ = {
			isa = PBXSourcesBuildPhase;
			buildActionMask = 2147483647;
			files = (
				879A6D51104A27B8004F8DB7 /* animation.cpp in Sources */,
				879A6D52104A27B8004F8DB7 /* apartment.cpp in Sources */,
				879A6D53104A27B8004F8DB7 /* background.cpp in Sources */,
				879A6D54104A27B8004F8DB7 /* camera.cpp in Sources */,
				879A6D55104A27B8004F8DB7 /* citizens.cpp in Sources */,
				879A6D56104A27B8004F8DB7 /* citizensAgent.cpp in Sources */,
				879A6D57104A27B8004F8DB7 /* elevator.cpp in Sources */,
				879A6D58104A27B8004F8DB7 /* elevatorBase.cpp in Sources */,
				879A6D59104A27B8004F8DB7 /* elevatorMachine.cpp in Sources */,
				879A6D5A104A27B8004F8DB7 /* elevatorPit.cpp in Sources */,
				879A6D5B104A27B8004F8DB7 /* elevatorShaft.cpp in Sources */,
				879A6D5C104A27B8004F8DB7 /* floorAgent.cpp in Sources */,
				879A6D5D104A27B8004F8DB7 /* floorbase.cpp in Sources */,
				879A6D5E104A27B8004F8DB7 /* highrisedev.cpp in Sources */,
				879A6D5F104A27B8004F8DB7 /* highRiseException.cpp in Sources */,
				879A6D60104A27B8004F8DB7 /* image.cpp in Sources */,
				879A6D61104A27B8004F8DB7 /* level.cpp in Sources */,
				879A6D62104A27B8004F8DB7 /* lobby.cpp in Sources */,
				879A6D63104A27B8004F8DB7 /* office.cpp in Sources */,
				879A6D64104A27B8004F8DB7 /* pathAgent.cpp in Sources */,
				879A6D65104A27B8004F8DB7 /* person.cpp in Sources */,
				879A6D66104A27B8004F8DB7 /* physics.cpp in Sources */,
				879A6D67104A27B8004F8DB7 /* routes.cpp in Sources */,
				879A6D68104A27B8004F8DB7 /* routeVisitor.cpp in Sources */,
				879A6D69104A27B8004F8DB7 /* stdafx.cpp in Sources */,
				879A6D6A104A27B8004F8DB7 /* tiler.cpp in Sources */,
				879A6D6B104A27B8004F8DB7 /* tower.cpp in Sources */,
				870A350B104C85860040F121 /* interface.cpp in Sources */,
				870A352A104C85C60040F121 /* ErrorImage.cpp in Sources */,
				870A3534104C85D80040F121 /* Button.cpp in Sources */,
				870A3535104C85D80040F121 /* Element.cpp in Sources */,
				870A3536104C85D80040F121 /* TextBox.cpp in Sources */,
				870A3538104C85D80040F121 /* Window.cpp in Sources */,
				870A353D104C85E50040F121 /* Settings.cpp in Sources */,
			);
			runOnlyForDeploymentPostprocessing = 0;
		};
/* End PBXSourcesBuildPhase section */

/* Begin XCBuildConfiguration section */
		A01FB76E0F07D2BC000AAC7B /* Debug */ = {
			isa = XCBuildConfiguration;
			buildSettings = {
				COPY_PHASE_STRIP = NO;
			};
			name = Debug;
		};
		A01FB76F0F07D2BC000AAC7B /* Release */ = {
			isa = XCBuildConfiguration;
			buildSettings = {
				COPY_PHASE_STRIP = YES;
			};
			name = Release;
		};
		A01FB77E0F07D2C6000AAC7B /* Debug */ = {
			isa = XCBuildConfiguration;
			buildSettings = {
				ALWAYS_SEARCH_USER_PATHS = NO;
				COPY_PHASE_STRIP = NO;
				GCC_DYNAMIC_NO_PIC = NO;
				GCC_ENABLE_FIX_AND_CONTINUE = YES;
				GCC_MODEL_TUNING = G5;
				GCC_OPTIMIZATION_LEVEL = 0;
				INFOPLIST_FILE = Info.plist;
				INSTALL_PATH = "$(HOME)/Applications";
				PREBINDING = NO;
				PRODUCT_NAME = highrise;
			};
			name = Debug;
		};
		A01FB77F0F07D2C6000AAC7B /* Release */ = {
			isa = XCBuildConfiguration;
			buildSettings = {
				ALWAYS_SEARCH_USER_PATHS = NO;
				ARCHS = "$(ARCHS_STANDARD_32_BIT_PRE_XCODE_3_1)";
				ARCHS_STANDARD_32_BIT_PRE_XCODE_3_1 = "ppc i386";
				COPY_PHASE_STRIP = YES;
				DEBUG_INFORMATION_FORMAT = "dwarf-with-dsym";
				GCC_ENABLE_FIX_AND_CONTINUE = NO;
				GCC_MODEL_TUNING = G5;
				GCC_OPTIMIZATION_LEVEL = 3;
				INFOPLIST_FILE = Info.plist;
				INSTALL_PATH = "$(HOME)/Applications";
				PREBINDING = NO;
				PRODUCT_NAME = highrise;
				ZERO_LINK = NO;
			};
			name = Release;
		};
/* End XCBuildConfiguration section */

/* Begin XCConfigurationList section */
		A01FB7700F07D2BC000AAC7B /* Build configuration list for PBXProject "highrise" */ = {
			isa = XCConfigurationList;
			buildConfigurations = (
				A01FB76E0F07D2BC000AAC7B /* Debug */,
				A01FB76F0F07D2BC000AAC7B /* Release */,
			);
			defaultConfigurationIsVisible = 0;
			defaultConfigurationName = Release;
		};
		A01FB7800F07D2C6000AAC7B /* Build configuration list for PBXNativeTarget "highrise" */ = {
			isa = XCConfigurationList;
			buildConfigurations = (
				A01FB77E0F07D2C6000AAC7B /* Debug */,
				A01FB77F0F07D2C6000AAC7B /* Release */,
			);
			defaultConfigurationIsVisible = 0;
			defaultConfigurationName = Release;
		};
/* End XCConfigurationList section */
	};
	rootObject = A01FB76D0F07D2BC000AAC7B /* Project object */;
}
