
Microsoft Visual Studio Solution File, Format Version 10.00
# Visual C++ Express 2008
Project("{8BC9CEB8-8B4A-11D0-8D11-00A0C91BC942}") = "ThemeParkBuilder3DTG", "TPB3DTG.vcproj", "{3D5A176D-A9CE-431C-8B8D-2903939D00C9}"
EndProject
Project("{8BC9CEB8-8B4A-11D0-8D11-00A0C91BC942}") = "lib3ds", "..\Other Libs\lib3ds\src\lib3ds.vcproj", "{9CF2B398-9087-4D33-90EB-0320F42C78F4}"
EndProject
Global
	GlobalSection(SolutionConfigurationPlatforms) = preSolution
		Debug|Win32 = Debug|Win32
		Release|Win32 = Release|Win32
	EndGlobalSection
	GlobalSection(ProjectConfigurationPlatforms) = postSolution
		{3D5A176D-A9CE-431C-8B8D-2903939D00C9}.Debug|Win32.ActiveCfg = Debug|Win32
		{3D5A176D-A9CE-431C-8B8D-2903939D00C9}.Debug|Win32.Build.0 = Debug|Win32
		{3D5A176D-A9CE-431C-8B8D-2903939D00C9}.Release|Win32.ActiveCfg = Release|Win32
		{3D5A176D-A9CE-431C-8B8D-2903939D00C9}.Release|Win32.Build.0 = Release|Win32
		{9CF2B398-9087-4D33-90EB-0320F42C78F4}.Debug|Win32.ActiveCfg = Debug|Win32
		{9CF2B398-9087-4D33-90EB-0320F42C78F4}.Debug|Win32.Build.0 = Debug|Win32
		{9CF2B398-9087-4D33-90EB-0320F42C78F4}.Release|Win32.ActiveCfg = Release|Win32
		{9CF2B398-9087-4D33-90EB-0320F42C78F4}.Release|Win32.Build.0 = Release|Win32
	EndGlobalSection
	GlobalSection(SolutionProperties) = preSolution
		HideSolutionNode = FALSE
	EndGlobalSection
EndGlobal
